
Microsoft Visual Studio Solution File, Format Version 12.00
# Visual Studio Version 17
VisualStudioVersion = 17.1.31911.260
MinimumVisualStudioVersion = 10.0.40219.1
Project("{FAE04EC0-301F-11D3-BF4B-00C04F79EFBC}") = "Trabajo 8", "Trabajo 8\Trabajo 8.csproj", "{7EEDE4DE-5637-46B9-BB07-A8B0B555FC4F}"
EndProject
Global
	GlobalSection(SolutionConfigurationPlatforms) = preSolution
		Debug|Any CPU = Debug|Any CPU
		Release|Any CPU = Release|Any CPU
	EndGlobalSection
	GlobalSection(ProjectConfigurationPlatforms) = postSolution
		{7EEDE4DE-5637-46B9-BB07-A8B0B555FC4F}.Debug|Any CPU.ActiveCfg = Debug|Any CPU
		{7EEDE4DE-5637-46B9-BB07-A8B0B555FC4F}.Debug|Any CPU.Build.0 = Debug|Any CPU
		{7EEDE4DE-5637-46B9-BB07-A8B0B555FC4F}.Release|Any CPU.ActiveCfg = Release|Any CPU
		{7EEDE4DE-5637-46B9-BB07-A8B0B555FC4F}.Release|Any CPU.Build.0 = Release|Any CPU
	EndGlobalSection
	GlobalSection(SolutionProperties) = preSolution
		HideSolutionNode = FALSE
	EndGlobalSection
	GlobalSection(ExtensibilityGlobals) = postSolution
		SolutionGuid = {D956796E-E3EF-4179-AB9D-EAC740C7E819}
	EndGlobalSection
EndGlobal
