
Microsoft Visual Studio Solution File, Format Version 12.00
# Visual Studio Version 17
VisualStudioVersion = 17.1.31911.260
MinimumVisualStudioVersion = 10.0.40219.1
Project("{FAE04EC0-301F-11D3-BF4B-00C04F79EFBC}") = "Trabajo 10", "Trabajo 10\Trabajo 10.csproj", "{8F0ADFBA-6652-48A7-80CA-DC48B7475B0E}"
EndProject
Global
	GlobalSection(SolutionConfigurationPlatforms) = preSolution
		Debug|Any CPU = Debug|Any CPU
		Release|Any CPU = Release|Any CPU
	EndGlobalSection
	GlobalSection(ProjectConfigurationPlatforms) = postSolution
		{8F0ADFBA-6652-48A7-80CA-DC48B7475B0E}.Debug|Any CPU.ActiveCfg = Debug|Any CPU
		{8F0ADFBA-6652-48A7-80CA-DC48B7475B0E}.Debug|Any CPU.Build.0 = Debug|Any CPU
		{8F0ADFBA-6652-48A7-80CA-DC48B7475B0E}.Release|Any CPU.ActiveCfg = Release|Any CPU
		{8F0ADFBA-6652-48A7-80CA-DC48B7475B0E}.Release|Any CPU.Build.0 = Release|Any CPU
	EndGlobalSection
	GlobalSection(SolutionProperties) = preSolution
		HideSolutionNode = FALSE
	EndGlobalSection
	GlobalSection(ExtensibilityGlobals) = postSolution
		SolutionGuid = {9B56FD9F-A636-4988-B7AE-E0BF7C28CFC2}
	EndGlobalSection
EndGlobal
